
Microsoft Visual Studio Solution File, Format Version 12.00
# Visual Studio Version 18
VisualStudioVersion = 18.5.11716.220
MinimumVisualStudioVersion = 10.0.40219.1
Project("{2150E333-8FDC-42A3-9474-1A3956D46DE8}") = "src", "src", "{106AE906-5075-410A-B941-912F811848EE}"
EndProject
Project("{9A19103F-16F7-4668-BE54-9A1E7A4F7556}") = "ChangeMe.Backend.Web", "src\ChangeMe.Backend.Web\ChangeMe.Backend.Web.csproj", "{C9751CB7-4CD6-4633-A99A-4F6ADD525437}"
EndProject
Project("{9A19103F-16F7-4668-BE54-9A1E7A4F7556}") = "ChangeMe.Backend.Domain", "src\ChangeMe.Backend.Domain\ChangeMe.Backend.Domain.csproj", "{4548EB20-1D1B-477B-AF6E-DD55653A6583}"
EndProject
Project("{9A19103F-16F7-4668-BE54-9A1E7A4F7556}") = "ChangeMe.Backend.Infrastructure", "src\ChangeMe.Backend.Infrastructure\ChangeMe.Backend.Infrastructure.csproj", "{220361D6-9C76-4E3F-BD34-3C7B50E2CA4D}"
EndProject
Project("{9A19103F-16F7-4668-BE54-9A1E7A4F7556}") = "ChangeMe.Backend.UseCases", "src\ChangeMe.Backend.UseCases\ChangeMe.Backend.UseCases.csproj", "{B74A78FF-B79E-4C38-A9C7-084A90990CAD}"
EndProject
Project("{2150E333-8FDC-42A3-9474-1A3956D46DE8}") = "tests", "tests", "{0AB3BF05-4346-4AA6-1389-037BE0695223}"
EndProject
Project("{FAE04EC0-301F-11D3-BF4B-00C04F79EFBC}") = "ChangeMe.Backend.IntegrationTests", "tests\ChangeMe.Backend.IntegrationTests\ChangeMe.Backend.IntegrationTests.csproj", "{39EA8242-5AB8-4CFC-9A15-151F0AE04358}"
EndProject
Project("{FAE04EC0-301F-11D3-BF4B-00C04F79EFBC}") = "ChangeMe.Backend.UnitTests", "tests\ChangeMe.Backend.UnitTests\ChangeMe.Backend.UnitTests.csproj", "{520610A8-CB7D-452F-B585-1539999AF8CA}"
EndProject
Project("{2150E333-8FDC-42A3-9474-1A3956D46DE8}") = "Elementy rozwiązania", "Elementy rozwiązania", "{AD29105B-FB74-47B3-8A0D-CF69E28F9083}"
	ProjectSection(SolutionItems) = preProject
		.dockerignore = .dockerignore
		.editorconfig = .editorconfig
		Directory.Build.props = Directory.Build.props
		Directory.Packages.props = Directory.Packages.props
		Dockerfile = Dockerfile
	EndProjectSection
EndProject
Project("{2150E333-8FDC-42A3-9474-1A3956D46DE8}") = "tools", "tools", "{07C2787E-EAC7-C090-1BA3-A61EC2A24D84}"
EndProject
Project("{FAE04EC0-301F-11D3-BF4B-00C04F79EFBC}") = "ChangeMe.Backend.DataGenerator", "tools\ChangeMe.Backend.DataGenerator\ChangeMe.Backend.DataGenerator.csproj", "{436B34E5-B081-40DF-B2F9-FCE6C83C00CC}"
EndProject
Global
	GlobalSection(SolutionConfigurationPlatforms) = preSolution
		Debug|Any CPU = Debug|Any CPU
		Debug|x64 = Debug|x64
		Debug|x86 = Debug|x86
		Release|Any CPU = Release|Any CPU
		Release|x64 = Release|x64
		Release|x86 = Release|x86
	EndGlobalSection
	GlobalSection(ProjectConfigurationPlatforms) = postSolution
		{C9751CB7-4CD6-4633-A99A-4F6ADD525437}.Debug|Any CPU.ActiveCfg = Debug|Any CPU
		{C9751CB7-4CD6-4633-A99A-4F6ADD525437}.Debug|Any CPU.Build.0 = Debug|Any CPU
		{C9751CB7-4CD6-4633-A99A-4F6ADD525437}.Debug|x64.ActiveCfg = Debug|Any CPU
		{C9751CB7-4CD6-4633-A99A-4F6ADD525437}.Debug|x64.Build.0 = Debug|Any CPU
		{C9751CB7-4CD6-4633-A99A-4F6ADD525437}.Debug|x86.ActiveCfg = Debug|Any CPU
		{C9751CB7-4CD6-4633-A99A-4F6ADD525437}.Debug|x86.Build.0 = Debug|Any CPU
		{C9751CB7-4CD6-4633-A99A-4F6ADD525437}.Release|Any CPU.ActiveCfg = Release|Any CPU
		{C9751CB7-4CD6-4633-A99A-4F6ADD525437}.Release|Any CPU.Build.0 = Release|Any CPU
		{C9751CB7-4CD6-4633-A99A-4F6ADD525437}.Release|x64.ActiveCfg = Release|Any CPU
		{C9751CB7-4CD6-4633-A99A-4F6ADD525437}.Release|x64.Build.0 = Release|Any CPU
		{C9751CB7-4CD6-4633-A99A-4F6ADD525437}.Release|x86.ActiveCfg = Release|Any CPU
		{C9751CB7-4CD6-4633-A99A-4F6ADD525437}.Release|x86.Build.0 = Release|Any CPU
		{4548EB20-1D1B-477B-AF6E-DD55653A6583}.Debug|Any CPU.ActiveCfg = Debug|Any CPU
		{4548EB20-1D1B-477B-AF6E-DD55653A6583}.Debug|Any CPU.Build.0 = Debug|Any CPU
		{4548EB20-1D1B-477B-AF6E-DD55653A6583}.Debug|x64.ActiveCfg = Debug|Any CPU
		{4548EB20-1D1B-477B-AF6E-DD55653A6583}.Debug|x64.Build.0 = Debug|Any CPU
		{4548EB20-1D1B-477B-AF6E-DD55653A6583}.Debug|x86.ActiveCfg = Debug|Any CPU
		{4548EB20-1D1B-477B-AF6E-DD55653A6583}.Debug|x86.Build.0 = Debug|Any CPU
		{4548EB20-1D1B-477B-AF6E-DD55653A6583}.Release|Any CPU.ActiveCfg = Release|Any CPU
		{4548EB20-1D1B-477B-AF6E-DD55653A6583}.Release|Any CPU.Build.0 = Release|Any CPU
		{4548EB20-1D1B-477B-AF6E-DD55653A6583}.Release|x64.ActiveCfg = Release|Any CPU
		{4548EB20-1D1B-477B-AF6E-DD55653A6583}.Release|x64.Build.0 = Release|Any CPU
		{4548EB20-1D1B-477B-AF6E-DD55653A6583}.Release|x86.ActiveCfg = Release|Any CPU
		{4548EB20-1D1B-477B-AF6E-DD55653A6583}.Release|x86.Build.0 = Release|Any CPU
		{220361D6-9C76-4E3F-BD34-3C7B50E2CA4D}.Debug|Any CPU.ActiveCfg = Debug|Any CPU
		{220361D6-9C76-4E3F-BD34-3C7B50E2CA4D}.Debug|Any CPU.Build.0 = Debug|Any CPU
		{220361D6-9C76-4E3F-BD34-3C7B50E2CA4D}.Debug|x64.ActiveCfg = Debug|Any CPU
		{220361D6-9C76-4E3F-BD34-3C7B50E2CA4D}.Debug|x64.Build.0 = Debug|Any CPU
		{220361D6-9C76-4E3F-BD34-3C7B50E2CA4D}.Debug|x86.ActiveCfg = Debug|Any CPU
		{220361D6-9C76-4E3F-BD34-3C7B50E2CA4D}.Debug|x86.Build.0 = Debug|Any CPU
		{220361D6-9C76-4E3F-BD34-3C7B50E2CA4D}.Release|Any CPU.ActiveCfg = Release|Any CPU
		{220361D6-9C76-4E3F-BD34-3C7B50E2CA4D}.Release|Any CPU.Build.0 = Release|Any CPU
		{220361D6-9C76-4E3F-BD34-3C7B50E2CA4D}.Release|x64.ActiveCfg = Release|Any CPU
		{220361D6-9C76-4E3F-BD34-3C7B50E2CA4D}.Release|x64.Build.0 = Release|Any CPU
		{220361D6-9C76-4E3F-BD34-3C7B50E2CA4D}.Release|x86.ActiveCfg = Release|Any CPU
		{220361D6-9C76-4E3F-BD34-3C7B50E2CA4D}.Release|x86.Build.0 = Release|Any CPU
		{B74A78FF-B79E-4C38-A9C7-084A90990CAD}.Debug|Any CPU.ActiveCfg = Debug|Any CPU
		{B74A78FF-B79E-4C38-A9C7-084A90990CAD}.Debug|Any CPU.Build.0 = Debug|Any CPU
		{B74A78FF-B79E-4C38-A9C7-084A90990CAD}.Debug|x64.ActiveCfg = Debug|Any CPU
		{B74A78FF-B79E-4C38-A9C7-084A90990CAD}.Debug|x64.Build.0 = Debug|Any CPU
		{B74A78FF-B79E-4C38-A9C7-084A90990CAD}.Debug|x86.ActiveCfg = Debug|Any CPU
		{B74A78FF-B79E-4C38-A9C7-084A90990CAD}.Debug|x86.Build.0 = Debug|Any CPU
		{B74A78FF-B79E-4C38-A9C7-084A90990CAD}.Release|Any CPU.ActiveCfg = Release|Any CPU
		{B74A78FF-B79E-4C38-A9C7-084A90990CAD}.Release|Any CPU.Build.0 = Release|Any CPU
		{B74A78FF-B79E-4C38-A9C7-084A90990CAD}.Release|x64.ActiveCfg = Release|Any CPU
		{B74A78FF-B79E-4C38-A9C7-084A90990CAD}.Release|x64.Build.0 = Release|Any CPU
		{B74A78FF-B79E-4C38-A9C7-084A90990CAD}.Release|x86.ActiveCfg = Release|Any CPU
		{B74A78FF-B79E-4C38-A9C7-084A90990CAD}.Release|x86.Build.0 = Release|Any CPU
		{39EA8242-5AB8-4CFC-9A15-151F0AE04358}.Debug|Any CPU.ActiveCfg = Debug|Any CPU
		{39EA8242-5AB8-4CFC-9A15-151F0AE04358}.Debug|Any CPU.Build.0 = Debug|Any CPU
		{39EA8242-5AB8-4CFC-9A15-151F0AE04358}.Debug|x64.ActiveCfg = Debug|Any CPU
		{39EA8242-5AB8-4CFC-9A15-151F0AE04358}.Debug|x64.Build.0 = Debug|Any CPU
		{39EA8242-5AB8-4CFC-9A15-151F0AE04358}.Debug|x86.ActiveCfg = Debug|Any CPU
		{39EA8242-5AB8-4CFC-9A15-151F0AE04358}.Debug|x86.Build.0 = Debug|Any CPU
		{39EA8242-5AB8-4CFC-9A15-151F0AE04358}.Release|Any CPU.ActiveCfg = Release|Any CPU
		{39EA8242-5AB8-4CFC-9A15-151F0AE04358}.Release|Any CPU.Build.0 = Release|Any CPU
		{39EA8242-5AB8-4CFC-9A15-151F0AE04358}.Release|x64.ActiveCfg = Release|Any CPU
		{39EA8242-5AB8-4CFC-9A15-151F0AE04358}.Release|x64.Build.0 = Release|Any CPU
		{39EA8242-5AB8-4CFC-9A15-151F0AE04358}.Release|x86.ActiveCfg = Release|Any CPU
		{39EA8242-5AB8-4CFC-9A15-151F0AE04358}.Release|x86.Build.0 = Release|Any CPU
		{520610A8-CB7D-452F-B585-1539999AF8CA}.Debug|Any CPU.ActiveCfg = Debug|Any CPU
		{520610A8-CB7D-452F-B585-1539999AF8CA}.Debug|Any CPU.Build.0 = Debug|Any CPU
		{520610A8-CB7D-452F-B585-1539999AF8CA}.Debug|x64.ActiveCfg = Debug|Any CPU
		{520610A8-CB7D-452F-B585-1539999AF8CA}.Debug|x64.Build.0 = Debug|Any CPU
		{520610A8-CB7D-452F-B585-1539999AF8CA}.Debug|x86.ActiveCfg = Debug|Any CPU
		{520610A8-CB7D-452F-B585-1539999AF8CA}.Debug|x86.Build.0 = Debug|Any CPU
		{520610A8-CB7D-452F-B585-1539999AF8CA}.Release|Any CPU.ActiveCfg = Release|Any CPU
		{520610A8-CB7D-452F-B585-1539999AF8CA}.Release|Any CPU.Build.0 = Release|Any CPU
		{520610A8-CB7D-452F-B585-1539999AF8CA}.Release|x64.ActiveCfg = Release|Any CPU
		{520610A8-CB7D-452F-B585-1539999AF8CA}.Release|x64.Build.0 = Release|Any CPU
		{520610A8-CB7D-452F-B585-1539999AF8CA}.Release|x86.ActiveCfg = Release|Any CPU
		{520610A8-CB7D-452F-B585-1539999AF8CA}.Release|x86.Build.0 = Release|Any CPU
		{436B34E5-B081-40DF-B2F9-FCE6C83C00CC}.Debug|Any CPU.ActiveCfg = Debug|Any CPU
		{436B34E5-B081-40DF-B2F9-FCE6C83C00CC}.Debug|Any CPU.Build.0 = Debug|Any CPU
		{436B34E5-B081-40DF-B2F9-FCE6C83C00CC}.Debug|x64.ActiveCfg = Debug|Any CPU
		{436B34E5-B081-40DF-B2F9-FCE6C83C00CC}.Debug|x64.Build.0 = Debug|Any CPU
		{436B34E5-B081-40DF-B2F9-FCE6C83C00CC}.Debug|x86.ActiveCfg = Debug|Any CPU
		{436B34E5-B081-40DF-B2F9-FCE6C83C00CC}.Debug|x86.Build.0 = Debug|Any CPU
		{436B34E5-B081-40DF-B2F9-FCE6C83C00CC}.Release|Any CPU.ActiveCfg = Release|Any CPU
		{436B34E5-B081-40DF-B2F9-FCE6C83C00CC}.Release|Any CPU.Build.0 = Release|Any CPU
		{436B34E5-B081-40DF-B2F9-FCE6C83C00CC}.Release|x64.ActiveCfg = Release|Any CPU
		{436B34E5-B081-40DF-B2F9-FCE6C83C00CC}.Release|x64.Build.0 = Release|Any CPU
		{436B34E5-B081-40DF-B2F9-FCE6C83C00CC}.Release|x86.ActiveCfg = Release|Any CPU
		{436B34E5-B081-40DF-B2F9-FCE6C83C00CC}.Release|x86.Build.0 = Release|Any CPU
	EndGlobalSection
	GlobalSection(SolutionProperties) = preSolution
		HideSolutionNode = FALSE
	EndGlobalSection
	GlobalSection(NestedProjects) = preSolution
		{C9751CB7-4CD6-4633-A99A-4F6ADD525437} = {106AE906-5075-410A-B941-912F811848EE}
		{4548EB20-1D1B-477B-AF6E-DD55653A6583} = {106AE906-5075-410A-B941-912F811848EE}
		{220361D6-9C76-4E3F-BD34-3C7B50E2CA4D} = {106AE906-5075-410A-B941-912F811848EE}
		{B74A78FF-B79E-4C38-A9C7-084A90990CAD} = {106AE906-5075-410A-B941-912F811848EE}
		{39EA8242-5AB8-4CFC-9A15-151F0AE04358} = {0AB3BF05-4346-4AA6-1389-037BE0695223}
		{520610A8-CB7D-452F-B585-1539999AF8CA} = {0AB3BF05-4346-4AA6-1389-037BE0695223}
		{436B34E5-B081-40DF-B2F9-FCE6C83C00CC} = {07C2787E-EAC7-C090-1BA3-A61EC2A24D84}
	EndGlobalSection
	GlobalSection(ExtensibilityGlobals) = postSolution
		SolutionGuid = {B0F19343-8185-4A9F-9165-0EA8544BC925}
	EndGlobalSection
EndGlobal
